
Microsoft Visual Studio Solution File, Format Version 12.00
# Visual Studio Version 16
VisualStudioVersion = 16.0.30330.147
MinimumVisualStudioVersion = 10.0.40219.1
Project("{FAE04EC0-301F-11D3-BF4B-00C04F79EFBC}") = "DBFirst", "DBFirst\DBFirst.csproj", "{6F28EED0-E1F7-4987-BD1C-42DE69648706}"
EndProject
Global
	GlobalSection(SolutionConfigurationPlatforms) = preSolution
		Debug|Any CPU = Debug|Any CPU
		Release|Any CPU = Release|Any CPU
	EndGlobalSection
	GlobalSection(ProjectConfigurationPlatforms) = postSolution
		{6F28EED0-E1F7-4987-BD1C-42DE69648706}.Debug|Any CPU.ActiveCfg = Debug|Any CPU
		{6F28EED0-E1F7-4987-BD1C-42DE69648706}.Debug|Any CPU.Build.0 = Debug|Any CPU
		{6F28EED0-E1F7-4987-BD1C-42DE69648706}.Release|Any CPU.ActiveCfg = Release|Any CPU
		{6F28EED0-E1F7-4987-BD1C-42DE69648706}.Release|Any CPU.Build.0 = Release|Any CPU
	EndGlobalSection
	GlobalSection(SolutionProperties) = preSolution
		HideSolutionNode = FALSE
	EndGlobalSection
	GlobalSection(ExtensibilityGlobals) = postSolution
		SolutionGuid = {0D5D4063-F491-4512-8C17-D6459EEDD6C3}
	EndGlobalSection
EndGlobal
